# Generated by pub
# See https://dart.dev/tools/pub/glossary#lockfile
packages:
  lints:
    dependency: "direct dev"
    description:
      name: lints
      sha256: cbf8d4b858bb0134ef3ef87841abdf8d63bfc255c266b7bf6b39daa1085c4290
      url: "https://pub.dev"
    source: hosted
    version: "3.0.0"
  open_url:
    dependency: "direct dev"
    description:
      name: open_url
      sha256: "24425e000d678ca175fe03a72edabb292d7053c5161de6386a014cc917504778"
      url: "https://pub.dev"
    source: hosted
    version: "2.0.1"
sdks:
  dart: ">=3.3.1 <4.0.0"
